
Microsoft Visual Studio Solution File, Format Version 12.00
# Visual Studio Version 17
VisualStudioVersion = 17.3.32825.248
MinimumVisualStudioVersion = 10.0.40219.1
Project("{FAE04EC0-301F-11D3-BF4B-00C04F79EFBC}") = "test.kafka.client", "test.kafka.client.csproj", "{6480A405-A8A7-4FA2-9C97-2AFCCFA9C649}"
EndProject
Global
	GlobalSection(SolutionConfigurationPlatforms) = preSolution
		Debug|Any CPU = Debug|Any CPU
		Release|Any CPU = Release|Any CPU
	EndGlobalSection
	GlobalSection(ProjectConfigurationPlatforms) = postSolution
		{6480A405-A8A7-4FA2-9C97-2AFCCFA9C649}.Debug|Any CPU.ActiveCfg = Debug|Any CPU
		{6480A405-A8A7-4FA2-9C97-2AFCCFA9C649}.Debug|Any CPU.Build.0 = Debug|Any CPU
		{6480A405-A8A7-4FA2-9C97-2AFCCFA9C649}.Release|Any CPU.ActiveCfg = Release|Any CPU
		{6480A405-A8A7-4FA2-9C97-2AFCCFA9C649}.Release|Any CPU.Build.0 = Release|Any CPU
	EndGlobalSection
	GlobalSection(SolutionProperties) = preSolution
		HideSolutionNode = FALSE
	EndGlobalSection
	GlobalSection(ExtensibilityGlobals) = postSolution
		SolutionGuid = {D36AC665-A9B9-498D-AF64-4BD8FA4A612B}
	EndGlobalSection
EndGlobal
